
Microsoft Visual Studio Solution File, Format Version 12.00
# Visual Studio Version 16
VisualStudioVersion = 16.0.29806.167
MinimumVisualStudioVersion = 10.0.40219.1
Project("{8BC9CEB8-8B4A-11D0-8D11-00A0C91BC942}") = "Project1", "Project1\Project1.vcxproj", "{DB8A75C3-540E-4488-9A37-CA6E58FC99ED}"
EndProject
Global
	GlobalSection(SolutionConfigurationPlatforms) = preSolution
		Debug|x64 = Debug|x64
		Debug|x86 = Debug|x86
		Release|x64 = Release|x64
		Release|x86 = Release|x86
	EndGlobalSection
	GlobalSection(ProjectConfigurationPlatforms) = postSolution
		{DB8A75C3-540E-4488-9A37-CA6E58FC99ED}.Debug|x64.ActiveCfg = Debug|x64
		{DB8A75C3-540E-4488-9A37-CA6E58FC99ED}.Debug|x64.Build.0 = Debug|x64
		{DB8A75C3-540E-4488-9A37-CA6E58FC99ED}.Debug|x86.ActiveCfg = Debug|Win32
		{DB8A75C3-540E-4488-9A37-CA6E58FC99ED}.Debug|x86.Build.0 = Debug|Win32
		{DB8A75C3-540E-4488-9A37-CA6E58FC99ED}.Release|x64.ActiveCfg = Release|x64
		{DB8A75C3-540E-4488-9A37-CA6E58FC99ED}.Release|x64.Build.0 = Release|x64
		{DB8A75C3-540E-4488-9A37-CA6E58FC99ED}.Release|x86.ActiveCfg = Release|Win32
		{DB8A75C3-540E-4488-9A37-CA6E58FC99ED}.Release|x86.Build.0 = Release|Win32
	EndGlobalSection
	GlobalSection(SolutionProperties) = preSolution
		HideSolutionNode = FALSE
	EndGlobalSection
	GlobalSection(ExtensibilityGlobals) = postSolution
		SolutionGuid = {A5E950EF-0AE9-4818-BA5D-494DDD16AA68}
	EndGlobalSection
EndGlobal
