
Microsoft Visual Studio Solution File, Format Version 12.00
# Visual Studio 15
VisualStudioVersion = 15.0.28307.489
MinimumVisualStudioVersion = 10.0.40219.1
Project("{8BC9CEB8-8B4A-11D0-8D11-00A0C91BC942}") = "Control2A", "Control2A\Control2A.vcxproj", "{2B5E560E-81CD-4B4A-8B3C-FA146D39F6C9}"
EndProject
Global
	GlobalSection(SolutionConfigurationPlatforms) = preSolution
		Debug|x64 = Debug|x64
		Debug|x86 = Debug|x86
		Release|x64 = Release|x64
		Release|x86 = Release|x86
	EndGlobalSection
	GlobalSection(ProjectConfigurationPlatforms) = postSolution
		{2B5E560E-81CD-4B4A-8B3C-FA146D39F6C9}.Debug|x64.ActiveCfg = Debug|x64
		{2B5E560E-81CD-4B4A-8B3C-FA146D39F6C9}.Debug|x64.Build.0 = Debug|x64
		{2B5E560E-81CD-4B4A-8B3C-FA146D39F6C9}.Debug|x86.ActiveCfg = Debug|Win32
		{2B5E560E-81CD-4B4A-8B3C-FA146D39F6C9}.Debug|x86.Build.0 = Debug|Win32
		{2B5E560E-81CD-4B4A-8B3C-FA146D39F6C9}.Release|x64.ActiveCfg = Release|x64
		{2B5E560E-81CD-4B4A-8B3C-FA146D39F6C9}.Release|x64.Build.0 = Release|x64
		{2B5E560E-81CD-4B4A-8B3C-FA146D39F6C9}.Release|x86.ActiveCfg = Release|Win32
		{2B5E560E-81CD-4B4A-8B3C-FA146D39F6C9}.Release|x86.Build.0 = Release|Win32
	EndGlobalSection
	GlobalSection(SolutionProperties) = preSolution
		HideSolutionNode = FALSE
	EndGlobalSection
	GlobalSection(ExtensibilityGlobals) = postSolution
		SolutionGuid = {EF408A3F-7EE4-4713-AFFE-35482121732B}
	EndGlobalSection
EndGlobal
