
Microsoft Visual Studio Solution File, Format Version 12.00
# Visual Studio 15
VisualStudioVersion = 15.0.28307.489
MinimumVisualStudioVersion = 10.0.40219.1
Project("{8BC9CEB8-8B4A-11D0-8D11-00A0C91BC942}") = "Lab14", "Lab14\Lab14.vcxproj", "{4882E8CD-59DB-48A0-8947-FA114FAFC71C}"
EndProject
Global
	GlobalSection(SolutionConfigurationPlatforms) = preSolution
		Debug|x64 = Debug|x64
		Debug|x86 = Debug|x86
		Release|x64 = Release|x64
		Release|x86 = Release|x86
	EndGlobalSection
	GlobalSection(ProjectConfigurationPlatforms) = postSolution
		{4882E8CD-59DB-48A0-8947-FA114FAFC71C}.Debug|x64.ActiveCfg = Debug|x64
		{4882E8CD-59DB-48A0-8947-FA114FAFC71C}.Debug|x64.Build.0 = Debug|x64
		{4882E8CD-59DB-48A0-8947-FA114FAFC71C}.Debug|x86.ActiveCfg = Debug|Win32
		{4882E8CD-59DB-48A0-8947-FA114FAFC71C}.Debug|x86.Build.0 = Debug|Win32
		{4882E8CD-59DB-48A0-8947-FA114FAFC71C}.Release|x64.ActiveCfg = Release|x64
		{4882E8CD-59DB-48A0-8947-FA114FAFC71C}.Release|x64.Build.0 = Release|x64
		{4882E8CD-59DB-48A0-8947-FA114FAFC71C}.Release|x86.ActiveCfg = Release|Win32
		{4882E8CD-59DB-48A0-8947-FA114FAFC71C}.Release|x86.Build.0 = Release|Win32
	EndGlobalSection
	GlobalSection(SolutionProperties) = preSolution
		HideSolutionNode = FALSE
	EndGlobalSection
	GlobalSection(ExtensibilityGlobals) = postSolution
		SolutionGuid = {8B3A3A97-75E4-4578-9BAE-41E4196D8CAB}
	EndGlobalSection
EndGlobal
